
Microsoft Visual Studio Solution File, Format Version 12.00
# Visual Studio 15
VisualStudioVersion = 15.0.28010.2003
MinimumVisualStudioVersion = 10.0.40219.1
Project("{FAE04EC0-301F-11D3-BF4B-00C04F79EFBC}") = "Diagonal Difference", "Diagonal Difference\Diagonal Difference.csproj", "{4A4B9371-76F4-4434-B44A-2EBC650413D1}"
EndProject
Global
	GlobalSection(SolutionConfigurationPlatforms) = preSolution
		Debug|Any CPU = Debug|Any CPU
		Release|Any CPU = Release|Any CPU
	EndGlobalSection
	GlobalSection(ProjectConfigurationPlatforms) = postSolution
		{4A4B9371-76F4-4434-B44A-2EBC650413D1}.Debug|Any CPU.ActiveCfg = Debug|Any CPU
		{4A4B9371-76F4-4434-B44A-2EBC650413D1}.Debug|Any CPU.Build.0 = Debug|Any CPU
		{4A4B9371-76F4-4434-B44A-2EBC650413D1}.Release|Any CPU.ActiveCfg = Release|Any CPU
		{4A4B9371-76F4-4434-B44A-2EBC650413D1}.Release|Any CPU.Build.0 = Release|Any CPU
	EndGlobalSection
	GlobalSection(SolutionProperties) = preSolution
		HideSolutionNode = FALSE
	EndGlobalSection
	GlobalSection(ExtensibilityGlobals) = postSolution
		SolutionGuid = {FBB83C99-97EC-4B74-BDE8-EBEB4CB66E3F}
	EndGlobalSection
EndGlobal
